
Microsoft Visual Studio Solution File, Format Version 12.00
Project("{FAE04EC0-301F-11D3-BF4B-00C04F79EFBC}") = "DRCBot", "DRCBot\DRCBot.csproj", "{B1D740D0-BCE9-43E9-B39F-CAC8BB3F4811}"
EndProject
Project("{2150E333-8FDC-42A3-9474-1A3956D46DE8}") = "SolutionItems", "SolutionItems", "{5892E681-5692-47A4-BF59-2C290E5303F7}"
	ProjectSection(SolutionItems) = preProject
		.editorconfig = .editorconfig
		.gitignore = .gitignore
	EndProjectSection
EndProject
Global
	GlobalSection(SolutionConfigurationPlatforms) = preSolution
		Debug|Any CPU = Debug|Any CPU
		Release|Any CPU = Release|Any CPU
	EndGlobalSection
	GlobalSection(ProjectConfigurationPlatforms) = postSolution
		{B1D740D0-BCE9-43E9-B39F-CAC8BB3F4811}.Debug|Any CPU.ActiveCfg = Debug|Any CPU
		{B1D740D0-BCE9-43E9-B39F-CAC8BB3F4811}.Debug|Any CPU.Build.0 = Debug|Any CPU
		{B1D740D0-BCE9-43E9-B39F-CAC8BB3F4811}.Release|Any CPU.ActiveCfg = Release|Any CPU
		{B1D740D0-BCE9-43E9-B39F-CAC8BB3F4811}.Release|Any CPU.Build.0 = Release|Any CPU
	EndGlobalSection
EndGlobal
